{
    "_meta": {
        "hash": {
            "sha256": "6950fcfec0c0f90f6645968f1fdaef08a41442a896baa2abff1d251ad0586d0b"
        },
        "pipfile-spec": 6,
        "requires": {
            "python_version": "3.7"
        },
        "sources": [
            {
                "name": "pypi",
                "url": "https://pypi.org/simple",
                "verify_ssl": true
            }
        ]
    },
    "default": {
        "asn1crypto": {
            "hashes": [
                "sha256:7bb1cc02a5620b3d72da4ba070bda2f44f0e61b44dee910a302eddff802b6fb5",
                "sha256:87620880a477123e01177a1f73d0f327210b43a3cdbd714efcd2fa49a8d7b384"
            ],
            "version": "==1.2.0"
        },
        "base58": {
            "hashes": [
                "sha256:b1c481f2b8cfbc31f77dafc0e9690d92f7c03dc01481a4512eb1914e91744856",
                "sha256:ec7bcbfcb479a18050b96ecb8410f972fb48dc0dd886b63b7ec36d9b9f040bea"
            ],
            "version": "==0.2.5"
        },
        "bitcash": {
            "hashes": [
                "sha256:f978edf86563f31ac2290f3e6cfb85df88071cabcc2baf2e9cef4f59beab569f"
            ],
            "index": "pypi",
            "version": "==0.5.2"
        },
        "cashaddress": {
            "hashes": [
                "sha256:483748fee4608d70d2694e581c150088b5fae1a005451390d095319f39a5c7d0"
            ],
            "version": "==1.0.4"
        },
        "certifi": {
            "hashes": [
                "sha256:e4f3620cfea4f83eedc95b24abd9cd56f3c4b146dd0177e83a21b4eb49e21e50",
                "sha256:fd7c7c74727ddcf00e9acd26bba8da604ffec95bf1c2144e67aff7a8b50e6cef"
            ],
            "version": "==2019.9.11"
        },
        "cffi": {
            "hashes": [
                "sha256:00d890313797d9fe4420506613384b43099ad7d2b905c0752dbcc3a6f14d80fa",
                "sha256:0cf9e550ac6c5e57b713437e2f4ac2d7fd0cd10336525a27224f5fc1ec2ee59a",
                "sha256:0ea23c9c0cdd6778146a50d867d6405693ac3b80a68829966c98dd5e1bbae400",
                "sha256:193697c2918ecdb3865acf6557cddf5076bb39f1f654975e087b67efdff83365",
                "sha256:1ae14b542bf3b35e5229439c35653d2ef7d8316c1fffb980f9b7647e544baa98",
                "sha256:1e389e069450609c6ffa37f21f40cce36f9be7643bbe5051ab1de99d5a779526",
                "sha256:263242b6ace7f9cd4ea401428d2d45066b49a700852334fd55311bde36dcda14",
                "sha256:33142ae9807665fa6511cfa9857132b2c3ee6ddffb012b3f0933fc11e1e830d5",
                "sha256:364f8404034ae1b232335d8c7f7b57deac566f148f7222cef78cf8ae28ef764e",
                "sha256:47368f69fe6529f8f49a5d146ddee713fc9057e31d61e8b6dc86a6a5e38cecc1",
                "sha256:4895640844f17bec32943995dc8c96989226974dfeb9dd121cc45d36e0d0c434",
                "sha256:558b3afef987cf4b17abd849e7bedf64ee12b28175d564d05b628a0f9355599b",
                "sha256:5ba86e1d80d458b338bda676fd9f9d68cb4e7a03819632969cf6d46b01a26730",
                "sha256:63424daa6955e6b4c70dc2755897f5be1d719eabe71b2625948b222775ed5c43",
                "sha256:6381a7d8b1ebd0bc27c3bc85bc1bfadbb6e6f756b4d4db0aa1425c3719ba26b4",
                "sha256:6381ab708158c4e1639da1f2a7679a9bbe3e5a776fc6d1fd808076f0e3145331",
                "sha256:6fd58366747debfa5e6163ada468a90788411f10c92597d3b0a912d07e580c36",
                "sha256:728ec653964655d65408949b07f9b2219df78badd601d6c49e28d604efe40599",
                "sha256:7cfcfda59ef1f95b9f729c56fe8a4041899f96b72685d36ef16a3440a0f85da8",
                "sha256:819f8d5197c2684524637f940445c06e003c4a541f9983fd30d6deaa2a5487d8",
                "sha256:825ecffd9574557590e3225560a8a9d751f6ffe4a49e3c40918c9969b93395fa",
                "sha256:9009e917d8f5ef780c2626e29b6bc126f4cb2a4d43ca67aa2b40f2a5d6385e78",
                "sha256:9c77564a51d4d914ed5af096cd9843d90c45b784b511723bd46a8a9d09cf16fc",
                "sha256:a19089fa74ed19c4fe96502a291cfdb89223a9705b1d73b3005df4256976142e",
                "sha256:a40ed527bffa2b7ebe07acc5a3f782da072e262ca994b4f2085100b5a444bbb2",
                "sha256:bb75ba21d5716abc41af16eac1145ab2e471deedde1f22c6f99bd9f995504df0",
                "sha256:e22a00c0c81ffcecaf07c2bfb3672fa372c50e2bd1024ffee0da191c1b27fc71",
                "sha256:e55b5a746fb77f10c83e8af081979351722f6ea48facea79d470b3731c7b2891",
                "sha256:ec2fa3ee81707a5232bf2dfbd6623fdb278e070d596effc7e2d788f2ada71a05",
                "sha256:fd82eb4694be712fcae03c717ca2e0fc720657ac226b80bbb597e971fc6928c2"
            ],
            "version": "==1.13.1"
        },
        "chardet": {
            "hashes": [
                "sha256:84ab92ed1c4d4f16916e05906b6b75a6c0fb5db821cc65e70cbd64a3e2a5eaae",
                "sha256:fc323ffcaeaed0e0a02bf4d117757b98aed530d9ed4531e3e15460124c106691"
            ],
            "version": "==3.0.4"
        },
        "coincurve": {
            "hashes": [
                "sha256:01b1dad52c718c694dec1881bcda28358cd672c2a800c791b293ac60ce378e4d",
                "sha256:023a32800b76fbbc070d79fb028910789a5cb52813bbd809ae134965ceec26fc",
                "sha256:0eeaa5dc061c9341fc4802421e036a705edfe6487b71d41b3045f6532cc13c8f",
                "sha256:16697fd18874ca3d7a0b452f022a2604cab08af0b8326dda83da868e85ee6ecc",
                "sha256:174d7fe9c886abf77131724d4eb1816ca99c6a876b02ea4382a8fc638c5c5659",
                "sha256:42bf66b273220eaf5cc20fe868bc544931c76a09716121b8f93b4ba639b9c1ff",
                "sha256:4ddb162249cbf54952b424aa3a0c97549893597c9d4529589bd9a89969151042",
                "sha256:5885e4d7c05707db460a2cdec3ca08bf7dec185514eb7fa0417ea2c7e686804e",
                "sha256:6a4f721937a1bced6381130a34c9b5da2e7041973f2aa5e78bb64889d8663658",
                "sha256:6d5cf56de0adebcf7f2395b279868b19fee17a98b7de2c8c38f4b15b3b0805b5",
                "sha256:750476ff4eddb44902dbbb3b311ecfb62071327e38dbe0c833bee435e4007f57",
                "sha256:7e04c83d3d977df6caad688a66b98eb87d3b0d70a4a698c7339abc5bc818aba1",
                "sha256:7e6685a2bd59bbbfe7d21fcca036f045b88ada209b257c5f4edb976379d9ba8a",
                "sha256:901009df491ff042e666f0b1afa9b40ffd9db0608be7ced4f5572e068d933dbb",
                "sha256:a8e29373eb53214e7f3e9bbc819bc2b700bf1e599f357157737fe12e97938dbe",
                "sha256:bce55e69056d5c4b645e0dfad57c8d9c46de851b8b2d11c6a539655221d04dba",
                "sha256:c118b85ee107d9be1e34645f94be505882bcf2616bd09ddf4ef2d207f9f5e82f",
                "sha256:e01c7b9c705ea377ac18c7ec6a1cebd545204e844209c985e23059bf5de58ca9",
                "sha256:e1300fc144e28cb825deeaa44cb0475455437b9aa7dbcafcf46ed083a10670f8",
                "sha256:e3f63cbc4b7cb0b70845bb1f9f4b714822bd3a1a68db4a90f325f7cce1daed77",
                "sha256:e76172a97e693e96f165435640f7a5e55f1c3005e602b25d10875ee0c3014b57",
                "sha256:e851630985a0f0b099d1ed3bdf2c50a68b4aa4c2dc31fa53a1a6a7dbb76ee554",
                "sha256:ea0b7150053a8c46d0f2096ec75a6f7cdcbd4afd1abafa0caa28f3cdd34e3987",
                "sha256:f79d168089756058953593e06f8c3f3aa044d07fe440c142753e58895a0077a2"
            ],
            "version": "==12.0.0"
        },
        "idna": {
            "hashes": [
                "sha256:c357b3f628cf53ae2c4c05627ecc484553142ca23264e593d327bcde5e9c3407",
                "sha256:ea8b7f6188e6fa117537c3df7da9fc686d485087abf6ac197f9c46432f7e4a3c"
            ],
            "version": "==2.8"
        },
        "isqrt": {
            "hashes": [
                "sha256:e9cb4b55027efca4613e923f6e6b905be1a1f4719ef8e53cb395566021df4f61"
            ],
            "index": "pypi",
            "version": "==0.9.2.0"
        },
        "pycparser": {
            "hashes": [
                "sha256:a988718abfad80b6b157acce7bf130a30876d27603738ac39f140993246b25b3"
            ],
            "version": "==2.19"
        },
        "requests": {
            "hashes": [
                "sha256:11e007a8a2aa0323f5a921e9e6a2d7e4e67d9877e85773fba9ba6419025cbeb4",
                "sha256:9cf5292fcd0f598c671cfc1e0d7d1a7f13bb8085e9a590f48c010551dc6c4b31"
            ],
            "version": "==2.22.0"
        },
        "urllib3": {
            "hashes": [
                "sha256:4c291ca23bbb55c76518905869ef34bdd5f0e46af7afe6861e8375643ffee1a0",
                "sha256:9a247273df709c4fedb38c711e44292304f73f39ab01beda9f6b9fc375669ac3"
            ],
            "index": "pypi",
            "version": "==1.24.2"
        }
    },
    "develop": {}
}
